
Microsoft Visual Studio Solution File, Format Version 12.00
Project("{FAE04EC0-301F-11D3-BF4B-00C04F79EFBC}") = "UVS.Module.System.Domain", "UVS.Module.System.Domain\UVS.Module.System.Domain.csproj", "{8D21C256-27CB-453F-806C-5F749F5D8847}"
EndProject
Project("{FAE04EC0-301F-11D3-BF4B-00C04F79EFBC}") = "UVS.Modules.System.Application", "UVS.Modules.System.Application\UVS.Modules.System.Application.csproj", "{193BF00F-E60B-44C0-9B44-522B5D82CA5E}"
EndProject
Project("{FAE04EC0-301F-11D3-BF4B-00C04F79EFBC}") = "UVS.Moduels.System.Infrastructure", "UVS.Moduels.System.Infrastructure\UVS.Moduels.System.Infrastructure.csproj", "{5A48450D-87F6-4267-95EC-1DE4FE55F7D7}"
EndProject
Project("{2150E333-8FDC-42A3-9474-1A3956D46DE8}") = "Solution Items", "Solution Items", "{31A24C11-6B45-4FD3-8518-DD14F59046B9}"
	ProjectSection(SolutionItems) = preProject
		compose.yaml = compose.yaml
	EndProjectSection
EndProject
Project("{2150E333-8FDC-42A3-9474-1A3956D46DE8}") = "System", "System", "{D41608DF-FA91-41E4-9018-70EFD7D5BCD1}"
EndProject
Project("{2150E333-8FDC-42A3-9474-1A3956D46DE8}") = "Authentication", "Authentication", "{9FE36527-9B11-483B-AED8-FAFF96B9EC41}"
EndProject
Project("{FAE04EC0-301F-11D3-BF4B-00C04F79EFBC}") = "UVS.Modules.Authentication.Domain", "UVS.Modules.Authentication.Domain\UVS.Modules.Authentication.Domain.csproj", "{A22E5C4D-9333-4F5E-B243-DF52420807AD}"
EndProject
Project("{FAE04EC0-301F-11D3-BF4B-00C04F79EFBC}") = "UVS.Moduels.Authentication.Application", "UVS.Moduels.Authentication.Application\UVS.Moduels.Authentication.Application.csproj", "{EFECBE83-558F-4380-8D3D-3565A5EB5289}"
EndProject
Project("{FAE04EC0-301F-11D3-BF4B-00C04F79EFBC}") = "UVS.Modules.Authentication.Infrastrcture", "UVS.Modules.Authentication.Infrastrcture\UVS.Modules.Authentication.Infrastrcture.csproj", "{4CB10F1E-B5DE-4D49-B7A4-EF3AFFAE2D0C}"
EndProject
Project("{FAE04EC0-301F-11D3-BF4B-00C04F79EFBC}") = "UVS.Modules.Authentication.Presentation", "UVS.Modules.Authentication.Presentation\UVS.Modules.Authentication.Presentation.csproj", "{0135FA51-AA9B-4860-B87B-390C1415A041}"
EndProject
Project("{2150E333-8FDC-42A3-9474-1A3956D46DE8}") = "API", "API", "{716226F0-4149-4869-9F46-B74399F07EF3}"
EndProject
Project("{2150E333-8FDC-42A3-9474-1A3956D46DE8}") = "src", "src", "{2EA27C15-9163-4418-BBB7-3BFEF55E3730}"
EndProject
Project("{2150E333-8FDC-42A3-9474-1A3956D46DE8}") = "Modules", "Modules", "{6AD92D2E-1A17-497D-A4C7-6F305D54DFD8}"
EndProject
Project("{2150E333-8FDC-42A3-9474-1A3956D46DE8}") = "Common", "Common", "{E4D386F7-F42F-40DF-88F4-1C07A7481D78}"
EndProject
Project("{FAE04EC0-301F-11D3-BF4B-00C04F79EFBC}") = "UVS.Common.Application", "UVS.Common.Application\UVS.Common.Application.csproj", "{F0DFFD83-6992-4FAB-A309-6280B8202C09}"
EndProject
Project("{FAE04EC0-301F-11D3-BF4B-00C04F79EFBC}") = "UVS.Common.Domain", "UVS.Common.Domain\UVS.Common.Domain.csproj", "{A9778F1B-3A7E-49D5-9925-141FC60D6A2C}"
EndProject
Project("{FAE04EC0-301F-11D3-BF4B-00C04F79EFBC}") = "UVS.Common.Infrastructure", "UVS.Common.Infrastructure\UVS.Common.Infrastructure.csproj", "{810DFCEB-1B3B-45B2-8467-C9401A775206}"
EndProject
Project("{FAE04EC0-301F-11D3-BF4B-00C04F79EFBC}") = "UVS.Api", "UVS.Api\UVS.Api.csproj", "{AECCC6F2-6210-4749-9FB9-BDB6428BE506}"
EndProject
Project("{FAE04EC0-301F-11D3-BF4B-00C04F79EFBC}") = "UVS.Modules.System.Presentation", "UVS.Modules.System.Presentation\UVS.Modules.System.Presentation.csproj", "{7FD677EA-2146-44F7-817F-A3C9D41083E7}"
EndProject
Project("{FAE04EC0-301F-11D3-BF4B-00C04F79EFBC}") = "UVS.Common.Presentation", "UVS.Common.Presentation\UVS.Common.Presentation.csproj", "{67CCFD78-E9AD-4FC9-80D6-A3FD71C6E2A3}"
EndProject
Project("{FAE04EC0-301F-11D3-BF4B-00C04F79EFBC}") = "UVS.Modules.Authentication.IntgerationEvents", "UVS.Modules.Authentication.IntgerationEvents\UVS.Modules.Authentication.IntgerationEvents.csproj", "{3E40E853-E65C-41E3-8E16-5E037E7396C0}"
EndProject
Project("{FAE04EC0-301F-11D3-BF4B-00C04F79EFBC}") = "UVS.Modules.System.Integration", "UVS.Modules.System.Integration\UVS.Modules.System.Integration.csproj", "{7717D506-1FCB-4B1A-B67F-B86B73A4FE56}"
EndProject
Global
	GlobalSection(SolutionConfigurationPlatforms) = preSolution
		Debug|Any CPU = Debug|Any CPU
		Release|Any CPU = Release|Any CPU
	EndGlobalSection
	GlobalSection(ProjectConfigurationPlatforms) = postSolution
		{8D21C256-27CB-453F-806C-5F749F5D8847}.Debug|Any CPU.ActiveCfg = Debug|Any CPU
		{8D21C256-27CB-453F-806C-5F749F5D8847}.Debug|Any CPU.Build.0 = Debug|Any CPU
		{8D21C256-27CB-453F-806C-5F749F5D8847}.Release|Any CPU.ActiveCfg = Release|Any CPU
		{8D21C256-27CB-453F-806C-5F749F5D8847}.Release|Any CPU.Build.0 = Release|Any CPU
		{193BF00F-E60B-44C0-9B44-522B5D82CA5E}.Debug|Any CPU.ActiveCfg = Debug|Any CPU
		{193BF00F-E60B-44C0-9B44-522B5D82CA5E}.Debug|Any CPU.Build.0 = Debug|Any CPU
		{193BF00F-E60B-44C0-9B44-522B5D82CA5E}.Release|Any CPU.ActiveCfg = Release|Any CPU
		{193BF00F-E60B-44C0-9B44-522B5D82CA5E}.Release|Any CPU.Build.0 = Release|Any CPU
		{5A48450D-87F6-4267-95EC-1DE4FE55F7D7}.Debug|Any CPU.ActiveCfg = Debug|Any CPU
		{5A48450D-87F6-4267-95EC-1DE4FE55F7D7}.Debug|Any CPU.Build.0 = Debug|Any CPU
		{5A48450D-87F6-4267-95EC-1DE4FE55F7D7}.Release|Any CPU.ActiveCfg = Release|Any CPU
		{5A48450D-87F6-4267-95EC-1DE4FE55F7D7}.Release|Any CPU.Build.0 = Release|Any CPU
		{A22E5C4D-9333-4F5E-B243-DF52420807AD}.Debug|Any CPU.ActiveCfg = Debug|Any CPU
		{A22E5C4D-9333-4F5E-B243-DF52420807AD}.Debug|Any CPU.Build.0 = Debug|Any CPU
		{A22E5C4D-9333-4F5E-B243-DF52420807AD}.Release|Any CPU.ActiveCfg = Release|Any CPU
		{A22E5C4D-9333-4F5E-B243-DF52420807AD}.Release|Any CPU.Build.0 = Release|Any CPU
		{EFECBE83-558F-4380-8D3D-3565A5EB5289}.Debug|Any CPU.ActiveCfg = Debug|Any CPU
		{EFECBE83-558F-4380-8D3D-3565A5EB5289}.Debug|Any CPU.Build.0 = Debug|Any CPU
		{EFECBE83-558F-4380-8D3D-3565A5EB5289}.Release|Any CPU.ActiveCfg = Release|Any CPU
		{EFECBE83-558F-4380-8D3D-3565A5EB5289}.Release|Any CPU.Build.0 = Release|Any CPU
		{4CB10F1E-B5DE-4D49-B7A4-EF3AFFAE2D0C}.Debug|Any CPU.ActiveCfg = Debug|Any CPU
		{4CB10F1E-B5DE-4D49-B7A4-EF3AFFAE2D0C}.Debug|Any CPU.Build.0 = Debug|Any CPU
		{4CB10F1E-B5DE-4D49-B7A4-EF3AFFAE2D0C}.Release|Any CPU.ActiveCfg = Release|Any CPU
		{4CB10F1E-B5DE-4D49-B7A4-EF3AFFAE2D0C}.Release|Any CPU.Build.0 = Release|Any CPU
		{0135FA51-AA9B-4860-B87B-390C1415A041}.Debug|Any CPU.ActiveCfg = Debug|Any CPU
		{0135FA51-AA9B-4860-B87B-390C1415A041}.Debug|Any CPU.Build.0 = Debug|Any CPU
		{0135FA51-AA9B-4860-B87B-390C1415A041}.Release|Any CPU.ActiveCfg = Release|Any CPU
		{0135FA51-AA9B-4860-B87B-390C1415A041}.Release|Any CPU.Build.0 = Release|Any CPU
		{F0DFFD83-6992-4FAB-A309-6280B8202C09}.Debug|Any CPU.ActiveCfg = Debug|Any CPU
		{F0DFFD83-6992-4FAB-A309-6280B8202C09}.Debug|Any CPU.Build.0 = Debug|Any CPU
		{F0DFFD83-6992-4FAB-A309-6280B8202C09}.Release|Any CPU.ActiveCfg = Release|Any CPU
		{F0DFFD83-6992-4FAB-A309-6280B8202C09}.Release|Any CPU.Build.0 = Release|Any CPU
		{A9778F1B-3A7E-49D5-9925-141FC60D6A2C}.Debug|Any CPU.ActiveCfg = Debug|Any CPU
		{A9778F1B-3A7E-49D5-9925-141FC60D6A2C}.Debug|Any CPU.Build.0 = Debug|Any CPU
		{A9778F1B-3A7E-49D5-9925-141FC60D6A2C}.Release|Any CPU.ActiveCfg = Release|Any CPU
		{A9778F1B-3A7E-49D5-9925-141FC60D6A2C}.Release|Any CPU.Build.0 = Release|Any CPU
		{810DFCEB-1B3B-45B2-8467-C9401A775206}.Debug|Any CPU.ActiveCfg = Debug|Any CPU
		{810DFCEB-1B3B-45B2-8467-C9401A775206}.Debug|Any CPU.Build.0 = Debug|Any CPU
		{810DFCEB-1B3B-45B2-8467-C9401A775206}.Release|Any CPU.ActiveCfg = Release|Any CPU
		{810DFCEB-1B3B-45B2-8467-C9401A775206}.Release|Any CPU.Build.0 = Release|Any CPU
		{AECCC6F2-6210-4749-9FB9-BDB6428BE506}.Debug|Any CPU.ActiveCfg = Debug|Any CPU
		{AECCC6F2-6210-4749-9FB9-BDB6428BE506}.Debug|Any CPU.Build.0 = Debug|Any CPU
		{AECCC6F2-6210-4749-9FB9-BDB6428BE506}.Release|Any CPU.ActiveCfg = Release|Any CPU
		{AECCC6F2-6210-4749-9FB9-BDB6428BE506}.Release|Any CPU.Build.0 = Release|Any CPU
		{7FD677EA-2146-44F7-817F-A3C9D41083E7}.Debug|Any CPU.ActiveCfg = Debug|Any CPU
		{7FD677EA-2146-44F7-817F-A3C9D41083E7}.Debug|Any CPU.Build.0 = Debug|Any CPU
		{7FD677EA-2146-44F7-817F-A3C9D41083E7}.Release|Any CPU.ActiveCfg = Release|Any CPU
		{7FD677EA-2146-44F7-817F-A3C9D41083E7}.Release|Any CPU.Build.0 = Release|Any CPU
		{67CCFD78-E9AD-4FC9-80D6-A3FD71C6E2A3}.Debug|Any CPU.ActiveCfg = Debug|Any CPU
		{67CCFD78-E9AD-4FC9-80D6-A3FD71C6E2A3}.Debug|Any CPU.Build.0 = Debug|Any CPU
		{67CCFD78-E9AD-4FC9-80D6-A3FD71C6E2A3}.Release|Any CPU.ActiveCfg = Release|Any CPU
		{67CCFD78-E9AD-4FC9-80D6-A3FD71C6E2A3}.Release|Any CPU.Build.0 = Release|Any CPU
		{3E40E853-E65C-41E3-8E16-5E037E7396C0}.Debug|Any CPU.ActiveCfg = Debug|Any CPU
		{3E40E853-E65C-41E3-8E16-5E037E7396C0}.Debug|Any CPU.Build.0 = Debug|Any CPU
		{3E40E853-E65C-41E3-8E16-5E037E7396C0}.Release|Any CPU.ActiveCfg = Release|Any CPU
		{3E40E853-E65C-41E3-8E16-5E037E7396C0}.Release|Any CPU.Build.0 = Release|Any CPU
		{7717D506-1FCB-4B1A-B67F-B86B73A4FE56}.Debug|Any CPU.ActiveCfg = Debug|Any CPU
		{7717D506-1FCB-4B1A-B67F-B86B73A4FE56}.Debug|Any CPU.Build.0 = Debug|Any CPU
		{7717D506-1FCB-4B1A-B67F-B86B73A4FE56}.Release|Any CPU.ActiveCfg = Release|Any CPU
		{7717D506-1FCB-4B1A-B67F-B86B73A4FE56}.Release|Any CPU.Build.0 = Release|Any CPU
	EndGlobalSection
	GlobalSection(NestedProjects) = preSolution
		{193BF00F-E60B-44C0-9B44-522B5D82CA5E} = {D41608DF-FA91-41E4-9018-70EFD7D5BCD1}
		{8D21C256-27CB-453F-806C-5F749F5D8847} = {D41608DF-FA91-41E4-9018-70EFD7D5BCD1}
		{5A48450D-87F6-4267-95EC-1DE4FE55F7D7} = {D41608DF-FA91-41E4-9018-70EFD7D5BCD1}
		{A22E5C4D-9333-4F5E-B243-DF52420807AD} = {9FE36527-9B11-483B-AED8-FAFF96B9EC41}
		{EFECBE83-558F-4380-8D3D-3565A5EB5289} = {9FE36527-9B11-483B-AED8-FAFF96B9EC41}
		{4CB10F1E-B5DE-4D49-B7A4-EF3AFFAE2D0C} = {9FE36527-9B11-483B-AED8-FAFF96B9EC41}
		{0135FA51-AA9B-4860-B87B-390C1415A041} = {9FE36527-9B11-483B-AED8-FAFF96B9EC41}
		{716226F0-4149-4869-9F46-B74399F07EF3} = {2EA27C15-9163-4418-BBB7-3BFEF55E3730}
		{6AD92D2E-1A17-497D-A4C7-6F305D54DFD8} = {2EA27C15-9163-4418-BBB7-3BFEF55E3730}
		{D41608DF-FA91-41E4-9018-70EFD7D5BCD1} = {6AD92D2E-1A17-497D-A4C7-6F305D54DFD8}
		{9FE36527-9B11-483B-AED8-FAFF96B9EC41} = {6AD92D2E-1A17-497D-A4C7-6F305D54DFD8}
		{F0DFFD83-6992-4FAB-A309-6280B8202C09} = {E4D386F7-F42F-40DF-88F4-1C07A7481D78}
		{A9778F1B-3A7E-49D5-9925-141FC60D6A2C} = {E4D386F7-F42F-40DF-88F4-1C07A7481D78}
		{810DFCEB-1B3B-45B2-8467-C9401A775206} = {E4D386F7-F42F-40DF-88F4-1C07A7481D78}
		{AECCC6F2-6210-4749-9FB9-BDB6428BE506} = {716226F0-4149-4869-9F46-B74399F07EF3}
		{7FD677EA-2146-44F7-817F-A3C9D41083E7} = {D41608DF-FA91-41E4-9018-70EFD7D5BCD1}
		{67CCFD78-E9AD-4FC9-80D6-A3FD71C6E2A3} = {E4D386F7-F42F-40DF-88F4-1C07A7481D78}
		{E4D386F7-F42F-40DF-88F4-1C07A7481D78} = {2EA27C15-9163-4418-BBB7-3BFEF55E3730}
		{3E40E853-E65C-41E3-8E16-5E037E7396C0} = {9FE36527-9B11-483B-AED8-FAFF96B9EC41}
		{7717D506-1FCB-4B1A-B67F-B86B73A4FE56} = {D41608DF-FA91-41E4-9018-70EFD7D5BCD1}
	EndGlobalSection
EndGlobal
